
Microsoft Visual Studio Solution File, Format Version 12.00
# Visual Studio Version 17
VisualStudioVersion = 17.6.33815.320
MinimumVisualStudioVersion = 10.0.40219.1
Project("{9A19103F-16F7-4668-BE54-9A1E7A4F7556}") = "WebApp", "WebApp\WebApp.csproj", "{5F7CD79F-B7BB-4228-9AAE-1E2C743C4EB9}"
EndProject
Project("{54A90642-561A-4BB1-A94E-469ADEE60C69}") = "REST_API", "REST_API\REST_API.esproj", "{3F87C33D-C6C3-496C-8BC4-3E4C9481A9C3}"
EndProject
Project("{FAE04EC0-301F-11D3-BF4B-00C04F79EFBC}") = "WebApp_Model", "WebApp_Model\WebApp_Model.csproj", "{CA9FBD73-728A-4866-8975-227E8BDA4A97}"
EndProject
Global
	GlobalSection(SolutionConfigurationPlatforms) = preSolution
		Debug|Any CPU = Debug|Any CPU
		Release|Any CPU = Release|Any CPU
	EndGlobalSection
	GlobalSection(ProjectConfigurationPlatforms) = postSolution
		{5F7CD79F-B7BB-4228-9AAE-1E2C743C4EB9}.Debug|Any CPU.ActiveCfg = Debug|Any CPU
		{5F7CD79F-B7BB-4228-9AAE-1E2C743C4EB9}.Debug|Any CPU.Build.0 = Debug|Any CPU
		{5F7CD79F-B7BB-4228-9AAE-1E2C743C4EB9}.Release|Any CPU.ActiveCfg = Release|Any CPU
		{5F7CD79F-B7BB-4228-9AAE-1E2C743C4EB9}.Release|Any CPU.Build.0 = Release|Any CPU
		{3F87C33D-C6C3-496C-8BC4-3E4C9481A9C3}.Debug|Any CPU.ActiveCfg = Debug|Any CPU
		{3F87C33D-C6C3-496C-8BC4-3E4C9481A9C3}.Debug|Any CPU.Build.0 = Debug|Any CPU
		{3F87C33D-C6C3-496C-8BC4-3E4C9481A9C3}.Debug|Any CPU.Deploy.0 = Debug|Any CPU
		{3F87C33D-C6C3-496C-8BC4-3E4C9481A9C3}.Release|Any CPU.ActiveCfg = Release|Any CPU
		{3F87C33D-C6C3-496C-8BC4-3E4C9481A9C3}.Release|Any CPU.Build.0 = Release|Any CPU
		{3F87C33D-C6C3-496C-8BC4-3E4C9481A9C3}.Release|Any CPU.Deploy.0 = Release|Any CPU
		{CA9FBD73-728A-4866-8975-227E8BDA4A97}.Debug|Any CPU.ActiveCfg = Debug|Any CPU
		{CA9FBD73-728A-4866-8975-227E8BDA4A97}.Debug|Any CPU.Build.0 = Debug|Any CPU
		{CA9FBD73-728A-4866-8975-227E8BDA4A97}.Release|Any CPU.ActiveCfg = Release|Any CPU
		{CA9FBD73-728A-4866-8975-227E8BDA4A97}.Release|Any CPU.Build.0 = Release|Any CPU
	EndGlobalSection
	GlobalSection(SolutionProperties) = preSolution
		HideSolutionNode = FALSE
	EndGlobalSection
	GlobalSection(ExtensibilityGlobals) = postSolution
		SolutionGuid = {E574D525-3088-4832-AE70-ACB6C26AB06A}
	EndGlobalSection
EndGlobal
